
Microsoft Visual Studio Solution File, Format Version 12.00
# Visual Studio Version 17
VisualStudioVersion = 17.4.33213.308
MinimumVisualStudioVersion = 10.0.40219.1
Project("{FAE04EC0-301F-11D3-BF4B-00C04F79EFBC}") = "23-CalculadoraBasic", "23-CalculadoraBasic\23-CalculadoraBasic.csproj", "{0078AEB6-A2C1-4309-B071-7B921174D8F0}"
EndProject
Global
	GlobalSection(SolutionConfigurationPlatforms) = preSolution
		Debug|Any CPU = Debug|Any CPU
		Release|Any CPU = Release|Any CPU
	EndGlobalSection
	GlobalSection(ProjectConfigurationPlatforms) = postSolution
		{0078AEB6-A2C1-4309-B071-7B921174D8F0}.Debug|Any CPU.ActiveCfg = Debug|Any CPU
		{0078AEB6-A2C1-4309-B071-7B921174D8F0}.Debug|Any CPU.Build.0 = Debug|Any CPU
		{0078AEB6-A2C1-4309-B071-7B921174D8F0}.Release|Any CPU.ActiveCfg = Release|Any CPU
		{0078AEB6-A2C1-4309-B071-7B921174D8F0}.Release|Any CPU.Build.0 = Release|Any CPU
	EndGlobalSection
	GlobalSection(SolutionProperties) = preSolution
		HideSolutionNode = FALSE
	EndGlobalSection
	GlobalSection(ExtensibilityGlobals) = postSolution
		SolutionGuid = {FDD3BC8F-72DA-48F4-BB4A-E96402B1923E}
	EndGlobalSection
EndGlobal
