
Microsoft Visual Studio Solution File, Format Version 12.00
# Visual Studio Version 17
VisualStudioVersion = 17.4.33213.308
MinimumVisualStudioVersion = 10.0.40219.1
Project("{FAE04EC0-301F-11D3-BF4B-00C04F79EFBC}") = "13-Random", "13-Random\13-Random.csproj", "{D1C22C6E-5C8C-42E3-B4C2-D97BC5D101EA}"
EndProject
Global
	GlobalSection(SolutionConfigurationPlatforms) = preSolution
		Debug|Any CPU = Debug|Any CPU
		Release|Any CPU = Release|Any CPU
	EndGlobalSection
	GlobalSection(ProjectConfigurationPlatforms) = postSolution
		{D1C22C6E-5C8C-42E3-B4C2-D97BC5D101EA}.Debug|Any CPU.ActiveCfg = Debug|Any CPU
		{D1C22C6E-5C8C-42E3-B4C2-D97BC5D101EA}.Debug|Any CPU.Build.0 = Debug|Any CPU
		{D1C22C6E-5C8C-42E3-B4C2-D97BC5D101EA}.Release|Any CPU.ActiveCfg = Release|Any CPU
		{D1C22C6E-5C8C-42E3-B4C2-D97BC5D101EA}.Release|Any CPU.Build.0 = Release|Any CPU
	EndGlobalSection
	GlobalSection(SolutionProperties) = preSolution
		HideSolutionNode = FALSE
	EndGlobalSection
	GlobalSection(ExtensibilityGlobals) = postSolution
		SolutionGuid = {E23EE170-D5CD-4DF7-952B-030599098BB2}
	EndGlobalSection
EndGlobal
