
Microsoft Visual Studio Solution File, Format Version 12.00
# Visual Studio Version 17
VisualStudioVersion = 17.4.33213.308
MinimumVisualStudioVersion = 10.0.40219.1
Project("{FAE04EC0-301F-11D3-BF4B-00C04F79EFBC}") = "Interfaces", "Interfaces\Interfaces.csproj", "{DEB5BF11-6465-4E01-96B1-BBA87EFEDFCB}"
EndProject
Global
	GlobalSection(SolutionConfigurationPlatforms) = preSolution
		Debug|Any CPU = Debug|Any CPU
		Release|Any CPU = Release|Any CPU
	EndGlobalSection
	GlobalSection(ProjectConfigurationPlatforms) = postSolution
		{DEB5BF11-6465-4E01-96B1-BBA87EFEDFCB}.Debug|Any CPU.ActiveCfg = Debug|Any CPU
		{DEB5BF11-6465-4E01-96B1-BBA87EFEDFCB}.Debug|Any CPU.Build.0 = Debug|Any CPU
		{DEB5BF11-6465-4E01-96B1-BBA87EFEDFCB}.Release|Any CPU.ActiveCfg = Release|Any CPU
		{DEB5BF11-6465-4E01-96B1-BBA87EFEDFCB}.Release|Any CPU.Build.0 = Release|Any CPU
	EndGlobalSection
	GlobalSection(SolutionProperties) = preSolution
		HideSolutionNode = FALSE
	EndGlobalSection
	GlobalSection(ExtensibilityGlobals) = postSolution
		SolutionGuid = {1BAF1FEB-907D-4890-8D83-C3E41DA25614}
	EndGlobalSection
EndGlobal
