
Microsoft Visual Studio Solution File, Format Version 12.00
# Visual Studio Version 17
VisualStudioVersion = 17.4.33213.308
MinimumVisualStudioVersion = 10.0.40219.1
Project("{FAE04EC0-301F-11D3-BF4B-00C04F79EFBC}") = "NumerosImparesDescendetes", "NumerosImparesDescendetes\NumerosImparesDescendetes.csproj", "{6FD637E0-B7A5-4F8D-990D-8B9F8F8B32D0}"
EndProject
Global
	GlobalSection(SolutionConfigurationPlatforms) = preSolution
		Debug|Any CPU = Debug|Any CPU
		Release|Any CPU = Release|Any CPU
	EndGlobalSection
	GlobalSection(ProjectConfigurationPlatforms) = postSolution
		{6FD637E0-B7A5-4F8D-990D-8B9F8F8B32D0}.Debug|Any CPU.ActiveCfg = Debug|Any CPU
		{6FD637E0-B7A5-4F8D-990D-8B9F8F8B32D0}.Debug|Any CPU.Build.0 = Debug|Any CPU
		{6FD637E0-B7A5-4F8D-990D-8B9F8F8B32D0}.Release|Any CPU.ActiveCfg = Release|Any CPU
		{6FD637E0-B7A5-4F8D-990D-8B9F8F8B32D0}.Release|Any CPU.Build.0 = Release|Any CPU
	EndGlobalSection
	GlobalSection(SolutionProperties) = preSolution
		HideSolutionNode = FALSE
	EndGlobalSection
	GlobalSection(ExtensibilityGlobals) = postSolution
		SolutionGuid = {4BE5FB54-7847-4ABB-A014-AC0F51202AB7}
	EndGlobalSection
EndGlobal
