
Microsoft Visual Studio Solution File, Format Version 12.00
# Visual Studio Version 17
VisualStudioVersion = 17.4.33213.308
MinimumVisualStudioVersion = 10.0.40219.1
Project("{FAE04EC0-301F-11D3-BF4B-00C04F79EFBC}") = "03-LeerEntradaUsuario", "03-LeerEntradaUsuario.csproj", "{C77F7AC7-7EC2-45BD-8788-AC839206A9EA}"
EndProject
Global
	GlobalSection(SolutionConfigurationPlatforms) = preSolution
		Debug|Any CPU = Debug|Any CPU
		Release|Any CPU = Release|Any CPU
	EndGlobalSection
	GlobalSection(ProjectConfigurationPlatforms) = postSolution
		{C77F7AC7-7EC2-45BD-8788-AC839206A9EA}.Debug|Any CPU.ActiveCfg = Debug|Any CPU
		{C77F7AC7-7EC2-45BD-8788-AC839206A9EA}.Debug|Any CPU.Build.0 = Debug|Any CPU
		{C77F7AC7-7EC2-45BD-8788-AC839206A9EA}.Release|Any CPU.ActiveCfg = Release|Any CPU
		{C77F7AC7-7EC2-45BD-8788-AC839206A9EA}.Release|Any CPU.Build.0 = Release|Any CPU
	EndGlobalSection
	GlobalSection(SolutionProperties) = preSolution
		HideSolutionNode = FALSE
	EndGlobalSection
	GlobalSection(ExtensibilityGlobals) = postSolution
		SolutionGuid = {FA58A611-F52A-4BE0-BB6A-3C8D2F644EF8}
	EndGlobalSection
EndGlobal
