
Microsoft Visual Studio Solution File, Format Version 12.00
# Visual Studio Version 17
VisualStudioVersion = 17.4.33213.308
MinimumVisualStudioVersion = 10.0.40219.1
Project("{FAE04EC0-301F-11D3-BF4B-00C04F79EFBC}") = "33-DigitosNumero", "33-DigitosNumero\33-DigitosNumero.csproj", "{AC1E059D-9B8D-4E6F-AFFA-D957DCB3E00E}"
EndProject
Global
	GlobalSection(SolutionConfigurationPlatforms) = preSolution
		Debug|Any CPU = Debug|Any CPU
		Release|Any CPU = Release|Any CPU
	EndGlobalSection
	GlobalSection(ProjectConfigurationPlatforms) = postSolution
		{AC1E059D-9B8D-4E6F-AFFA-D957DCB3E00E}.Debug|Any CPU.ActiveCfg = Debug|Any CPU
		{AC1E059D-9B8D-4E6F-AFFA-D957DCB3E00E}.Debug|Any CPU.Build.0 = Debug|Any CPU
		{AC1E059D-9B8D-4E6F-AFFA-D957DCB3E00E}.Release|Any CPU.ActiveCfg = Release|Any CPU
		{AC1E059D-9B8D-4E6F-AFFA-D957DCB3E00E}.Release|Any CPU.Build.0 = Release|Any CPU
	EndGlobalSection
	GlobalSection(SolutionProperties) = preSolution
		HideSolutionNode = FALSE
	EndGlobalSection
	GlobalSection(ExtensibilityGlobals) = postSolution
		SolutionGuid = {7109868F-0762-4649-984B-4AA3E1771FE0}
	EndGlobalSection
EndGlobal
