
Microsoft Visual Studio Solution File, Format Version 12.00
# Visual Studio Version 17
VisualStudioVersion = 17.4.33213.308
MinimumVisualStudioVersion = 10.0.40219.1
Project("{FAE04EC0-301F-11D3-BF4B-00C04F79EFBC}") = "40-BooleanYCondicional", "40-BooleanYCondicional\40-BooleanYCondicional.csproj", "{10E126B2-CEDF-41E0-967F-6082E23C61D4}"
EndProject
Global
	GlobalSection(SolutionConfigurationPlatforms) = preSolution
		Debug|Any CPU = Debug|Any CPU
		Release|Any CPU = Release|Any CPU
	EndGlobalSection
	GlobalSection(ProjectConfigurationPlatforms) = postSolution
		{10E126B2-CEDF-41E0-967F-6082E23C61D4}.Debug|Any CPU.ActiveCfg = Debug|Any CPU
		{10E126B2-CEDF-41E0-967F-6082E23C61D4}.Debug|Any CPU.Build.0 = Debug|Any CPU
		{10E126B2-CEDF-41E0-967F-6082E23C61D4}.Release|Any CPU.ActiveCfg = Release|Any CPU
		{10E126B2-CEDF-41E0-967F-6082E23C61D4}.Release|Any CPU.Build.0 = Release|Any CPU
	EndGlobalSection
	GlobalSection(SolutionProperties) = preSolution
		HideSolutionNode = FALSE
	EndGlobalSection
	GlobalSection(ExtensibilityGlobals) = postSolution
		SolutionGuid = {D5C5E395-F727-42E0-9B05-1E09B2A3D3E5}
	EndGlobalSection
EndGlobal
