
Microsoft Visual Studio Solution File, Format Version 12.00
# Visual Studio Version 17
VisualStudioVersion = 17.4.33213.308
MinimumVisualStudioVersion = 10.0.40219.1
Project("{FAE04EC0-301F-11D3-BF4B-00C04F79EFBC}") = "08-PintarLetras", "08-PintarLetras\08-PintarLetras.csproj", "{1820B251-B553-4483-AF8B-DE4A57C8A071}"
EndProject
Global
	GlobalSection(SolutionConfigurationPlatforms) = preSolution
		Debug|Any CPU = Debug|Any CPU
		Release|Any CPU = Release|Any CPU
	EndGlobalSection
	GlobalSection(ProjectConfigurationPlatforms) = postSolution
		{1820B251-B553-4483-AF8B-DE4A57C8A071}.Debug|Any CPU.ActiveCfg = Debug|Any CPU
		{1820B251-B553-4483-AF8B-DE4A57C8A071}.Debug|Any CPU.Build.0 = Debug|Any CPU
		{1820B251-B553-4483-AF8B-DE4A57C8A071}.Release|Any CPU.ActiveCfg = Release|Any CPU
		{1820B251-B553-4483-AF8B-DE4A57C8A071}.Release|Any CPU.Build.0 = Release|Any CPU
	EndGlobalSection
	GlobalSection(SolutionProperties) = preSolution
		HideSolutionNode = FALSE
	EndGlobalSection
	GlobalSection(ExtensibilityGlobals) = postSolution
		SolutionGuid = {119B31E7-C26D-40C0-B3EA-FFB6EB4D64E5}
	EndGlobalSection
EndGlobal
