
Microsoft Visual Studio Solution File, Format Version 12.00
# Visual Studio Version 17
VisualStudioVersion = 17.4.33213.308
MinimumVisualStudioVersion = 10.0.40219.1
Project("{FAE04EC0-301F-11D3-BF4B-00C04F79EFBC}") = "46-TresClases", "46-TresClases\46-TresClases.csproj", "{095497B8-D602-49A2-9886-8D0ADD33140C}"
EndProject
Global
	GlobalSection(SolutionConfigurationPlatforms) = preSolution
		Debug|Any CPU = Debug|Any CPU
		Release|Any CPU = Release|Any CPU
	EndGlobalSection
	GlobalSection(ProjectConfigurationPlatforms) = postSolution
		{095497B8-D602-49A2-9886-8D0ADD33140C}.Debug|Any CPU.ActiveCfg = Debug|Any CPU
		{095497B8-D602-49A2-9886-8D0ADD33140C}.Debug|Any CPU.Build.0 = Debug|Any CPU
		{095497B8-D602-49A2-9886-8D0ADD33140C}.Release|Any CPU.ActiveCfg = Release|Any CPU
		{095497B8-D602-49A2-9886-8D0ADD33140C}.Release|Any CPU.Build.0 = Release|Any CPU
	EndGlobalSection
	GlobalSection(SolutionProperties) = preSolution
		HideSolutionNode = FALSE
	EndGlobalSection
	GlobalSection(ExtensibilityGlobals) = postSolution
		SolutionGuid = {D25606CD-AB49-4F6B-81D9-A895C8DD7BB3}
	EndGlobalSection
EndGlobal
